
Microsoft Visual Studio Solution File, Format Version 12.00
# Visual Studio 15
VisualStudioVersion = 15.0.26711.1
MinimumVisualStudioVersion = 10.0.40219.1
Project("{9A19103F-16F7-4668-BE54-9A1E7A4F7556}") = "Microsoft.ProjectOxford.Search", "Microsoft.ProjectOxford.Search\Microsoft.ProjectOxford.Search.csproj", "{EB868081-EE73-4CAF-B821-4034D378FD92}"
EndProject
Global
	GlobalSection(SolutionConfigurationPlatforms) = preSolution
		Debug|Any CPU = Debug|Any CPU
		Release|Any CPU = Release|Any CPU
	EndGlobalSection
	GlobalSection(ProjectConfigurationPlatforms) = postSolution
		{EB868081-EE73-4CAF-B821-4034D378FD92}.Debug|Any CPU.ActiveCfg = Debug|Any CPU
		{EB868081-EE73-4CAF-B821-4034D378FD92}.Debug|Any CPU.Build.0 = Debug|Any CPU
		{EB868081-EE73-4CAF-B821-4034D378FD92}.Release|Any CPU.ActiveCfg = Release|Any CPU
		{EB868081-EE73-4CAF-B821-4034D378FD92}.Release|Any CPU.Build.0 = Release|Any CPU
	EndGlobalSection
	GlobalSection(SolutionProperties) = preSolution
		HideSolutionNode = FALSE
	EndGlobalSection
	GlobalSection(ExtensibilityGlobals) = postSolution
		SolutionGuid = {4BBF57A6-FB97-4572-BAB1-3B35C47304B0}
	EndGlobalSection
EndGlobal
